{
  "requires": true,
  "lockfileVersion": 1,
  "dependencies": {
    "JSCPP": {
      "version": "2.0.9",
      "resolved": "https://registry.npmjs.org/JSCPP/-/JSCPP-2.0.9.tgz",
      "integrity": "sha512-ix62BbyR33JfuLS5JN3lrP5WrDFHJMe498TbyEN0vjRgK1pvOREs03YA0rMoj0U2h9EYLSoo9emZMW2rSlFVfQ==",
      "requires": {
        "lodash": "^4.17.20",
        "pegjs-util": "^1.4.21",
        "printf": "^0.6.0"
      }
    },
    "lodash": {
      "version": "4.17.21",
      "resolved": "https://registry.npmjs.org/lodash/-/lodash-4.17.21.tgz",
      "integrity": "sha512-v2kDEe57lecTulaDIuNTPy3Ry4gLGJ6Z1O3vE1krgXZNrsQ+LFTGHVxVjcXPs17LhbZVGedAJv8XZ1tvj5FvSg=="
    },
    "pegjs": {
      "version": "0.10.0",
      "resolved": "https://registry.npmjs.org/pegjs/-/pegjs-0.10.0.tgz",
      "integrity": "sha512-qI5+oFNEGi3L5HAxDwN2LA4Gg7irF70Zs25edhjld9QemOgp0CbvMtbFcMvFtEo1OityPrcCzkQFB8JP/hxgow=="
    },
    "pegjs-util": {
      "version": "1.4.21",
      "resolved": "https://registry.npmjs.org/pegjs-util/-/pegjs-util-1.4.21.tgz",
      "integrity": "sha512-0z15BXCjxwgeD+pO5QImUgOFsJ86jFt6oDqatveLggeARSS5wmrt9SxCONkUvOeSsob2faVBC9H4wpl4zudg9A==",
      "requires": {
        "pegjs": ">=0.10.0"
      }
    },
    "printf": {
      "version": "0.6.1",
      "resolved": "https://registry.npmjs.org/printf/-/printf-0.6.1.tgz",
      "integrity": "sha512-is0ctgGdPJ5951KulgfzvHGwJtZ5ck8l042vRkV6jrkpBzTmb/lueTqguWHy2JfVA+RY6gFVlaZgUS0j7S/dsw=="
    }
  }
}
